
Microsoft Visual Studio Solution File, Format Version 12.00
# Visual Studio Version 17
VisualStudioVersion = 17.7.34031.279
MinimumVisualStudioVersion = 10.0.40219.1
Project("{2150E333-8FDC-42A3-9474-1A3956D46DE8}") = "Services", "Services", "{C00A5DBD-7337-4184-83A5-3A7B45305108}"
EndProject
Project("{2150E333-8FDC-42A3-9474-1A3956D46DE8}") = "Catalog", "Catalog", "{37BBCF8B-9550-4099-AC2A-70ED9269CF05}"
EndProject
Project("{9A19103F-16F7-4668-BE54-9A1E7A4F7556}") = "Shofy.Catalog", "Services\Catalog\Shofy.Catalog\Shofy.Catalog.csproj", "{CA0DC29E-1830-4B6A-A19E-1F5A5EDB4A30}"
EndProject
Project("{2150E333-8FDC-42A3-9474-1A3956D46DE8}") = "Discount", "Discount", "{527B2DBF-35BF-470E-9983-84CBE6C5A2FB}"
EndProject
Project("{9A19103F-16F7-4668-BE54-9A1E7A4F7556}") = "Shofy.Discount", "Services\Discount\Shofy.Discount\Shofy.Discount.csproj", "{AE2D6C1B-EBAF-4CE7-8657-156E647D4558}"
EndProject
Project("{2150E333-8FDC-42A3-9474-1A3956D46DE8}") = "Order", "Order", "{9BE276E4-ABDE-4033-887A-63A1653D0FCF}"
EndProject
Project("{2150E333-8FDC-42A3-9474-1A3956D46DE8}") = "Core", "Core", "{A16EB826-32AB-44DB-BB56-464B2EB02822}"
EndProject
Project("{2150E333-8FDC-42A3-9474-1A3956D46DE8}") = "Infrastructure", "Infrastructure", "{5F496B9C-647F-4F5D-880A-F2FADC1B0F8E}"
EndProject
Project("{2150E333-8FDC-42A3-9474-1A3956D46DE8}") = "Presentation", "Presentation", "{70160B68-7262-46D0-B72E-D3755C236AEC}"
EndProject
Project("{9A19103F-16F7-4668-BE54-9A1E7A4F7556}") = "Shofy.Order.Domain", "Services\Order\Core\Shofy.Order.Domain\Shofy.Order.Domain.csproj", "{449F2FC7-6BAE-483D-A2FB-EFDCBA06DA98}"
EndProject
Project("{9A19103F-16F7-4668-BE54-9A1E7A4F7556}") = "Shofy.Order.Application", "Services\Order\Core\Shofy.Order.Application\Shofy.Order.Application.csproj", "{6E4457AD-FB46-4724-9BCD-749AA0D7B918}"
EndProject
Project("{9A19103F-16F7-4668-BE54-9A1E7A4F7556}") = "Shofy.Order.Persistence", "Services\Order\Infrastructure\Shofy.Order.Persistence\Shofy.Order.Persistence.csproj", "{7FEEC3E4-5158-4285-970C-6EA72B3869A7}"
EndProject
Project("{9A19103F-16F7-4668-BE54-9A1E7A4F7556}") = "Shofy.Order.WebAPI", "Services\Order\Presentation\Shofy.Order.WebAPI\Shofy.Order.WebAPI.csproj", "{5ABBDDC5-73AC-43DE-8DB3-A3FFBAB7619D}"
EndProject
Project("{2150E333-8FDC-42A3-9474-1A3956D46DE8}") = "IdentityServer", "IdentityServer", "{664B694E-A09A-4A1C-BF65-3376CE0504F2}"
EndProject
Project("{9A19103F-16F7-4668-BE54-9A1E7A4F7556}") = "Shofy.IdentityServer", "IdentityServer\Shofy.IdentityServer\Shofy.IdentityServer.csproj", "{A5974689-F3F8-4566-9A14-8D7E452DB4F3}"
EndProject
Project("{2150E333-8FDC-42A3-9474-1A3956D46DE8}") = "Cargo", "Cargo", "{31289C3A-28AD-43BD-AD2C-B1F0B6C08AF7}"
EndProject
Project("{9A19103F-16F7-4668-BE54-9A1E7A4F7556}") = "Shofy.Cargo.EntityLayer", "Services\Cargo\Shofy.Cargo.EntityLayer\Shofy.Cargo.EntityLayer.csproj", "{89BCE566-5C20-4DE3-9CFF-74B62BB3F8D8}"
EndProject
Project("{9A19103F-16F7-4668-BE54-9A1E7A4F7556}") = "Shofy.Cargo.BusinessLayer", "Services\Cargo\Shofy.Cargo.BusinessLayer\Shofy.Cargo.BusinessLayer.csproj", "{9442FCF2-703C-4F33-998B-0C042C811D27}"
EndProject
Project("{9A19103F-16F7-4668-BE54-9A1E7A4F7556}") = "Shofy.Cargo.DtoLayer", "Services\Cargo\Shofy.Cargo.DtoLayer\Shofy.Cargo.DtoLayer.csproj", "{89BF7B95-BC93-4791-9CAF-EDBFAEDE4F26}"
EndProject
Project("{9A19103F-16F7-4668-BE54-9A1E7A4F7556}") = "Shofy.Cargo.DataAccessLayer", "Services\Cargo\Shofy.Cargo.DataAccessLayer\Shofy.Cargo.DataAccessLayer.csproj", "{DAC07DDD-E003-4FC8-A6E5-F3A87DAE3E58}"
EndProject
Project("{9A19103F-16F7-4668-BE54-9A1E7A4F7556}") = "Shofy.Cargo.API", "Services\Cargo\Shofy.Cargo.API\Shofy.Cargo.API.csproj", "{E6C23EC0-924A-4119-895C-959F068429EC}"
EndProject
Project("{2150E333-8FDC-42A3-9474-1A3956D46DE8}") = "Basket", "Basket", "{16C55DB8-125F-4821-83FD-3742C017F4CA}"
EndProject
Project("{FAE04EC0-301F-11D3-BF4B-00C04F79EFBC}") = "Shofy.Basket", "Services\Basket\Shofy.Basket\Shofy.Basket.csproj", "{02F3433E-2CBF-4E60-B74E-7B3D3E280D1B}"
EndProject
Global
	GlobalSection(SolutionConfigurationPlatforms) = preSolution
		Debug|Any CPU = Debug|Any CPU
		Release|Any CPU = Release|Any CPU
	EndGlobalSection
	GlobalSection(ProjectConfigurationPlatforms) = postSolution
		{CA0DC29E-1830-4B6A-A19E-1F5A5EDB4A30}.Debug|Any CPU.ActiveCfg = Debug|Any CPU
		{CA0DC29E-1830-4B6A-A19E-1F5A5EDB4A30}.Debug|Any CPU.Build.0 = Debug|Any CPU
		{CA0DC29E-1830-4B6A-A19E-1F5A5EDB4A30}.Release|Any CPU.ActiveCfg = Release|Any CPU
		{CA0DC29E-1830-4B6A-A19E-1F5A5EDB4A30}.Release|Any CPU.Build.0 = Release|Any CPU
		{AE2D6C1B-EBAF-4CE7-8657-156E647D4558}.Debug|Any CPU.ActiveCfg = Debug|Any CPU
		{AE2D6C1B-EBAF-4CE7-8657-156E647D4558}.Debug|Any CPU.Build.0 = Debug|Any CPU
		{AE2D6C1B-EBAF-4CE7-8657-156E647D4558}.Release|Any CPU.ActiveCfg = Release|Any CPU
		{AE2D6C1B-EBAF-4CE7-8657-156E647D4558}.Release|Any CPU.Build.0 = Release|Any CPU
		{449F2FC7-6BAE-483D-A2FB-EFDCBA06DA98}.Debug|Any CPU.ActiveCfg = Debug|Any CPU
		{449F2FC7-6BAE-483D-A2FB-EFDCBA06DA98}.Debug|Any CPU.Build.0 = Debug|Any CPU
		{449F2FC7-6BAE-483D-A2FB-EFDCBA06DA98}.Release|Any CPU.ActiveCfg = Release|Any CPU
		{449F2FC7-6BAE-483D-A2FB-EFDCBA06DA98}.Release|Any CPU.Build.0 = Release|Any CPU
		{6E4457AD-FB46-4724-9BCD-749AA0D7B918}.Debug|Any CPU.ActiveCfg = Debug|Any CPU
		{6E4457AD-FB46-4724-9BCD-749AA0D7B918}.Debug|Any CPU.Build.0 = Debug|Any CPU
		{6E4457AD-FB46-4724-9BCD-749AA0D7B918}.Release|Any CPU.ActiveCfg = Release|Any CPU
		{6E4457AD-FB46-4724-9BCD-749AA0D7B918}.Release|Any CPU.Build.0 = Release|Any CPU
		{7FEEC3E4-5158-4285-970C-6EA72B3869A7}.Debug|Any CPU.ActiveCfg = Debug|Any CPU
		{7FEEC3E4-5158-4285-970C-6EA72B3869A7}.Debug|Any CPU.Build.0 = Debug|Any CPU
		{7FEEC3E4-5158-4285-970C-6EA72B3869A7}.Release|Any CPU.ActiveCfg = Release|Any CPU
		{7FEEC3E4-5158-4285-970C-6EA72B3869A7}.Release|Any CPU.Build.0 = Release|Any CPU
		{5ABBDDC5-73AC-43DE-8DB3-A3FFBAB7619D}.Debug|Any CPU.ActiveCfg = Debug|Any CPU
		{5ABBDDC5-73AC-43DE-8DB3-A3FFBAB7619D}.Debug|Any CPU.Build.0 = Debug|Any CPU
		{5ABBDDC5-73AC-43DE-8DB3-A3FFBAB7619D}.Release|Any CPU.ActiveCfg = Release|Any CPU
		{5ABBDDC5-73AC-43DE-8DB3-A3FFBAB7619D}.Release|Any CPU.Build.0 = Release|Any CPU
		{A5974689-F3F8-4566-9A14-8D7E452DB4F3}.Debug|Any CPU.ActiveCfg = Debug|Any CPU
		{A5974689-F3F8-4566-9A14-8D7E452DB4F3}.Debug|Any CPU.Build.0 = Debug|Any CPU
		{A5974689-F3F8-4566-9A14-8D7E452DB4F3}.Release|Any CPU.ActiveCfg = Release|Any CPU
		{A5974689-F3F8-4566-9A14-8D7E452DB4F3}.Release|Any CPU.Build.0 = Release|Any CPU
		{89BCE566-5C20-4DE3-9CFF-74B62BB3F8D8}.Debug|Any CPU.ActiveCfg = Debug|Any CPU
		{89BCE566-5C20-4DE3-9CFF-74B62BB3F8D8}.Debug|Any CPU.Build.0 = Debug|Any CPU
		{89BCE566-5C20-4DE3-9CFF-74B62BB3F8D8}.Release|Any CPU.ActiveCfg = Release|Any CPU
		{89BCE566-5C20-4DE3-9CFF-74B62BB3F8D8}.Release|Any CPU.Build.0 = Release|Any CPU
		{9442FCF2-703C-4F33-998B-0C042C811D27}.Debug|Any CPU.ActiveCfg = Debug|Any CPU
		{9442FCF2-703C-4F33-998B-0C042C811D27}.Debug|Any CPU.Build.0 = Debug|Any CPU
		{9442FCF2-703C-4F33-998B-0C042C811D27}.Release|Any CPU.ActiveCfg = Release|Any CPU
		{9442FCF2-703C-4F33-998B-0C042C811D27}.Release|Any CPU.Build.0 = Release|Any CPU
		{89BF7B95-BC93-4791-9CAF-EDBFAEDE4F26}.Debug|Any CPU.ActiveCfg = Debug|Any CPU
		{89BF7B95-BC93-4791-9CAF-EDBFAEDE4F26}.Debug|Any CPU.Build.0 = Debug|Any CPU
		{89BF7B95-BC93-4791-9CAF-EDBFAEDE4F26}.Release|Any CPU.ActiveCfg = Release|Any CPU
		{89BF7B95-BC93-4791-9CAF-EDBFAEDE4F26}.Release|Any CPU.Build.0 = Release|Any CPU
		{DAC07DDD-E003-4FC8-A6E5-F3A87DAE3E58}.Debug|Any CPU.ActiveCfg = Debug|Any CPU
		{DAC07DDD-E003-4FC8-A6E5-F3A87DAE3E58}.Debug|Any CPU.Build.0 = Debug|Any CPU
		{DAC07DDD-E003-4FC8-A6E5-F3A87DAE3E58}.Release|Any CPU.ActiveCfg = Release|Any CPU
		{DAC07DDD-E003-4FC8-A6E5-F3A87DAE3E58}.Release|Any CPU.Build.0 = Release|Any CPU
		{E6C23EC0-924A-4119-895C-959F068429EC}.Debug|Any CPU.ActiveCfg = Debug|Any CPU
		{E6C23EC0-924A-4119-895C-959F068429EC}.Debug|Any CPU.Build.0 = Debug|Any CPU
		{E6C23EC0-924A-4119-895C-959F068429EC}.Release|Any CPU.ActiveCfg = Release|Any CPU
		{E6C23EC0-924A-4119-895C-959F068429EC}.Release|Any CPU.Build.0 = Release|Any CPU
		{02F3433E-2CBF-4E60-B74E-7B3D3E280D1B}.Debug|Any CPU.ActiveCfg = Debug|Any CPU
		{02F3433E-2CBF-4E60-B74E-7B3D3E280D1B}.Debug|Any CPU.Build.0 = Debug|Any CPU
		{02F3433E-2CBF-4E60-B74E-7B3D3E280D1B}.Release|Any CPU.ActiveCfg = Release|Any CPU
		{02F3433E-2CBF-4E60-B74E-7B3D3E280D1B}.Release|Any CPU.Build.0 = Release|Any CPU
	EndGlobalSection
	GlobalSection(SolutionProperties) = preSolution
		HideSolutionNode = FALSE
	EndGlobalSection
	GlobalSection(NestedProjects) = preSolution
		{37BBCF8B-9550-4099-AC2A-70ED9269CF05} = {C00A5DBD-7337-4184-83A5-3A7B45305108}
		{CA0DC29E-1830-4B6A-A19E-1F5A5EDB4A30} = {37BBCF8B-9550-4099-AC2A-70ED9269CF05}
		{527B2DBF-35BF-470E-9983-84CBE6C5A2FB} = {C00A5DBD-7337-4184-83A5-3A7B45305108}
		{AE2D6C1B-EBAF-4CE7-8657-156E647D4558} = {527B2DBF-35BF-470E-9983-84CBE6C5A2FB}
		{9BE276E4-ABDE-4033-887A-63A1653D0FCF} = {C00A5DBD-7337-4184-83A5-3A7B45305108}
		{A16EB826-32AB-44DB-BB56-464B2EB02822} = {9BE276E4-ABDE-4033-887A-63A1653D0FCF}
		{5F496B9C-647F-4F5D-880A-F2FADC1B0F8E} = {9BE276E4-ABDE-4033-887A-63A1653D0FCF}
		{70160B68-7262-46D0-B72E-D3755C236AEC} = {9BE276E4-ABDE-4033-887A-63A1653D0FCF}
		{449F2FC7-6BAE-483D-A2FB-EFDCBA06DA98} = {A16EB826-32AB-44DB-BB56-464B2EB02822}
		{6E4457AD-FB46-4724-9BCD-749AA0D7B918} = {A16EB826-32AB-44DB-BB56-464B2EB02822}
		{7FEEC3E4-5158-4285-970C-6EA72B3869A7} = {5F496B9C-647F-4F5D-880A-F2FADC1B0F8E}
		{5ABBDDC5-73AC-43DE-8DB3-A3FFBAB7619D} = {70160B68-7262-46D0-B72E-D3755C236AEC}
		{A5974689-F3F8-4566-9A14-8D7E452DB4F3} = {664B694E-A09A-4A1C-BF65-3376CE0504F2}
		{31289C3A-28AD-43BD-AD2C-B1F0B6C08AF7} = {C00A5DBD-7337-4184-83A5-3A7B45305108}
		{89BCE566-5C20-4DE3-9CFF-74B62BB3F8D8} = {31289C3A-28AD-43BD-AD2C-B1F0B6C08AF7}
		{9442FCF2-703C-4F33-998B-0C042C811D27} = {31289C3A-28AD-43BD-AD2C-B1F0B6C08AF7}
		{89BF7B95-BC93-4791-9CAF-EDBFAEDE4F26} = {31289C3A-28AD-43BD-AD2C-B1F0B6C08AF7}
		{DAC07DDD-E003-4FC8-A6E5-F3A87DAE3E58} = {31289C3A-28AD-43BD-AD2C-B1F0B6C08AF7}
		{E6C23EC0-924A-4119-895C-959F068429EC} = {31289C3A-28AD-43BD-AD2C-B1F0B6C08AF7}
		{16C55DB8-125F-4821-83FD-3742C017F4CA} = {C00A5DBD-7337-4184-83A5-3A7B45305108}
		{02F3433E-2CBF-4E60-B74E-7B3D3E280D1B} = {16C55DB8-125F-4821-83FD-3742C017F4CA}
	EndGlobalSection
	GlobalSection(ExtensibilityGlobals) = postSolution
		SolutionGuid = {D231044B-C77C-4BE6-8204-9315ABCEA100}
	EndGlobalSection
EndGlobal
