
Microsoft Visual Studio Solution File, Format Version 12.00
# Visual Studio Version 17
VisualStudioVersion = 17.7.34031.279
MinimumVisualStudioVersion = 10.0.40219.1
Project("{2150E333-8FDC-42A3-9474-1A3956D46DE8}") = "Services", "Services", "{C00A5DBD-7337-4184-83A5-3A7B45305108}"
EndProject
Project("{2150E333-8FDC-42A3-9474-1A3956D46DE8}") = "Catalog", "Catalog", "{37BBCF8B-9550-4099-AC2A-70ED9269CF05}"
EndProject
Project("{FAE04EC0-301F-11D3-BF4B-00C04F79EFBC}") = "Shofy.Catalog", "Services\Catalog\Shofy.Catalog\Shofy.Catalog.csproj", "{CA0DC29E-1830-4B6A-A19E-1F5A5EDB4A30}"
EndProject
Global
	GlobalSection(SolutionConfigurationPlatforms) = preSolution
		Debug|Any CPU = Debug|Any CPU
		Release|Any CPU = Release|Any CPU
	EndGlobalSection
	GlobalSection(ProjectConfigurationPlatforms) = postSolution
		{CA0DC29E-1830-4B6A-A19E-1F5A5EDB4A30}.Debug|Any CPU.ActiveCfg = Debug|Any CPU
		{CA0DC29E-1830-4B6A-A19E-1F5A5EDB4A30}.Debug|Any CPU.Build.0 = Debug|Any CPU
		{CA0DC29E-1830-4B6A-A19E-1F5A5EDB4A30}.Release|Any CPU.ActiveCfg = Release|Any CPU
		{CA0DC29E-1830-4B6A-A19E-1F5A5EDB4A30}.Release|Any CPU.Build.0 = Release|Any CPU
	EndGlobalSection
	GlobalSection(SolutionProperties) = preSolution
		HideSolutionNode = FALSE
	EndGlobalSection
	GlobalSection(NestedProjects) = preSolution
		{37BBCF8B-9550-4099-AC2A-70ED9269CF05} = {C00A5DBD-7337-4184-83A5-3A7B45305108}
		{CA0DC29E-1830-4B6A-A19E-1F5A5EDB4A30} = {37BBCF8B-9550-4099-AC2A-70ED9269CF05}
	EndGlobalSection
	GlobalSection(ExtensibilityGlobals) = postSolution
		SolutionGuid = {D231044B-C77C-4BE6-8204-9315ABCEA100}
	EndGlobalSection
EndGlobal
