
Microsoft Visual Studio Solution File, Format Version 12.00
# Visual Studio Version 17
VisualStudioVersion = 17.7.34031.279
MinimumVisualStudioVersion = 10.0.40219.1
Project("{2150E333-8FDC-42A3-9474-1A3956D46DE8}") = "Services", "Services", "{C00A5DBD-7337-4184-83A5-3A7B45305108}"
EndProject
Project("{2150E333-8FDC-42A3-9474-1A3956D46DE8}") = "Catalog", "Catalog", "{37BBCF8B-9550-4099-AC2A-70ED9269CF05}"
EndProject
Project("{9A19103F-16F7-4668-BE54-9A1E7A4F7556}") = "Shofy.Catalog", "Services\Catalog\Shofy.Catalog\Shofy.Catalog.csproj", "{CA0DC29E-1830-4B6A-A19E-1F5A5EDB4A30}"
EndProject
Project("{2150E333-8FDC-42A3-9474-1A3956D46DE8}") = "Discount", "Discount", "{527B2DBF-35BF-470E-9983-84CBE6C5A2FB}"
EndProject
Project("{9A19103F-16F7-4668-BE54-9A1E7A4F7556}") = "Shofy.Discount", "Services\Discount\Shofy.Discount\Shofy.Discount.csproj", "{AE2D6C1B-EBAF-4CE7-8657-156E647D4558}"
EndProject
Project("{2150E333-8FDC-42A3-9474-1A3956D46DE8}") = "Order", "Order", "{9BE276E4-ABDE-4033-887A-63A1653D0FCF}"
EndProject
Project("{2150E333-8FDC-42A3-9474-1A3956D46DE8}") = "Core", "Core", "{A16EB826-32AB-44DB-BB56-464B2EB02822}"
EndProject
Project("{2150E333-8FDC-42A3-9474-1A3956D46DE8}") = "Infrastructure", "Infrastructure", "{5F496B9C-647F-4F5D-880A-F2FADC1B0F8E}"
EndProject
Project("{2150E333-8FDC-42A3-9474-1A3956D46DE8}") = "Presentation", "Presentation", "{70160B68-7262-46D0-B72E-D3755C236AEC}"
EndProject
Global
	GlobalSection(SolutionConfigurationPlatforms) = preSolution
		Debug|Any CPU = Debug|Any CPU
		Release|Any CPU = Release|Any CPU
	EndGlobalSection
	GlobalSection(ProjectConfigurationPlatforms) = postSolution
		{CA0DC29E-1830-4B6A-A19E-1F5A5EDB4A30}.Debug|Any CPU.ActiveCfg = Debug|Any CPU
		{CA0DC29E-1830-4B6A-A19E-1F5A5EDB4A30}.Debug|Any CPU.Build.0 = Debug|Any CPU
		{CA0DC29E-1830-4B6A-A19E-1F5A5EDB4A30}.Release|Any CPU.ActiveCfg = Release|Any CPU
		{CA0DC29E-1830-4B6A-A19E-1F5A5EDB4A30}.Release|Any CPU.Build.0 = Release|Any CPU
		{AE2D6C1B-EBAF-4CE7-8657-156E647D4558}.Debug|Any CPU.ActiveCfg = Debug|Any CPU
		{AE2D6C1B-EBAF-4CE7-8657-156E647D4558}.Debug|Any CPU.Build.0 = Debug|Any CPU
		{AE2D6C1B-EBAF-4CE7-8657-156E647D4558}.Release|Any CPU.ActiveCfg = Release|Any CPU
		{AE2D6C1B-EBAF-4CE7-8657-156E647D4558}.Release|Any CPU.Build.0 = Release|Any CPU
	EndGlobalSection
	GlobalSection(SolutionProperties) = preSolution
		HideSolutionNode = FALSE
	EndGlobalSection
	GlobalSection(NestedProjects) = preSolution
		{37BBCF8B-9550-4099-AC2A-70ED9269CF05} = {C00A5DBD-7337-4184-83A5-3A7B45305108}
		{CA0DC29E-1830-4B6A-A19E-1F5A5EDB4A30} = {37BBCF8B-9550-4099-AC2A-70ED9269CF05}
		{527B2DBF-35BF-470E-9983-84CBE6C5A2FB} = {C00A5DBD-7337-4184-83A5-3A7B45305108}
		{AE2D6C1B-EBAF-4CE7-8657-156E647D4558} = {527B2DBF-35BF-470E-9983-84CBE6C5A2FB}
		{9BE276E4-ABDE-4033-887A-63A1653D0FCF} = {C00A5DBD-7337-4184-83A5-3A7B45305108}
		{A16EB826-32AB-44DB-BB56-464B2EB02822} = {9BE276E4-ABDE-4033-887A-63A1653D0FCF}
		{5F496B9C-647F-4F5D-880A-F2FADC1B0F8E} = {9BE276E4-ABDE-4033-887A-63A1653D0FCF}
		{70160B68-7262-46D0-B72E-D3755C236AEC} = {9BE276E4-ABDE-4033-887A-63A1653D0FCF}
	EndGlobalSection
	GlobalSection(ExtensibilityGlobals) = postSolution
		SolutionGuid = {D231044B-C77C-4BE6-8204-9315ABCEA100}
	EndGlobalSection
EndGlobal
